
Microsoft Visual Studio Solution File, Format Version 12.00
# Visual Studio Version 17
VisualStudioVersion = 17.12.35707.178
MinimumVisualStudioVersion = 10.0.40219.1
Project("{FAE04EC0-301F-11D3-BF4B-00C04F79EFBC}") = "SupaMaui", "SupaMaui\SupaMaui.csproj", "{7A3E2D67-2B9A-4B77-9076-97405940EC54}"
EndProject
Project("{FAE04EC0-301F-11D3-BF4B-00C04F79EFBC}") = "UITests", "UITests\UITests.csproj", "{F1FD7127-8F0A-4EE2-8734-FBB282085701}"
EndProject
Global
	GlobalSection(SolutionConfigurationPlatforms) = preSolution
		Debug|Any CPU = Debug|Any CPU
		Release|Any CPU = Release|Any CPU
	EndGlobalSection
	GlobalSection(ProjectConfigurationPlatforms) = postSolution
		{7A3E2D67-2B9A-4B77-9076-97405940EC54}.Debug|Any CPU.ActiveCfg = Debug|Any CPU
		{7A3E2D67-2B9A-4B77-9076-97405940EC54}.Debug|Any CPU.Build.0 = Debug|Any CPU
		{7A3E2D67-2B9A-4B77-9076-97405940EC54}.Debug|Any CPU.Deploy.0 = Debug|Any CPU
		{7A3E2D67-2B9A-4B77-9076-97405940EC54}.Release|Any CPU.ActiveCfg = Release|Any CPU
		{7A3E2D67-2B9A-4B77-9076-97405940EC54}.Release|Any CPU.Build.0 = Release|Any CPU
		{F1FD7127-8F0A-4EE2-8734-FBB282085701}.Debug|Any CPU.ActiveCfg = Debug|Any CPU
		{F1FD7127-8F0A-4EE2-8734-FBB282085701}.Debug|Any CPU.Build.0 = Debug|Any CPU
		{F1FD7127-8F0A-4EE2-8734-FBB282085701}.Release|Any CPU.ActiveCfg = Release|Any CPU
		{F1FD7127-8F0A-4EE2-8734-FBB282085701}.Release|Any CPU.Build.0 = Release|Any CPU
	EndGlobalSection
	GlobalSection(SolutionProperties) = preSolution
		HideSolutionNode = FALSE
	EndGlobalSection
EndGlobal
